
Microsoft Visual Studio Solution File, Format Version 12.00
# Visual Studio 14
VisualStudioVersion = 14.0.25420.1
MinimumVisualStudioVersion = 10.0.40219.1
Project("{2150E333-8FDC-42A3-9474-1A3956D46DE8}") = "src", "src", "{FCDDAB72-C05D-4BA6-9E71-0B0BAB090856}"
EndProject
Project("{8BB2217D-0F2D-49D1-97BC-3654ED321F3B}") = "TelerikAspNetCoreApp1", "src\TelerikAspNetCoreApp1\TelerikAspNetCoreApp1.xproj", "{23017BD4-4A18-4DC8-85FB-2BA1210B47B3}"
	ProjectSection(ProjectDependencies) = postProject
		{E48E9AC1-3A88-406B-82FF-166B1E3C7A48} = {E48E9AC1-3A88-406B-82FF-166B1E3C7A48}
	EndProjectSection
EndProject
Project("{2150E333-8FDC-42A3-9474-1A3956D46DE8}") = "Solution Items", "Solution Items", "{988C8930-4C6E-4FD4-AEDD-8AC553038910}"
	ProjectSection(SolutionItems) = preProject
		global.json = global.json
	EndProjectSection
EndProject
Project("{FAE04EC0-301F-11D3-BF4B-00C04F79EFBC}") = "Stripe", "..\stripe.net\src\Stripe\Stripe.csproj", "{E48E9AC1-3A88-406B-82FF-166B1E3C7A48}"
EndProject
Global
	GlobalSection(SolutionConfigurationPlatforms) = preSolution
		Debug|Any CPU = Debug|Any CPU
		Release|Any CPU = Release|Any CPU
	EndGlobalSection
	GlobalSection(ProjectConfigurationPlatforms) = postSolution
		{23017BD4-4A18-4DC8-85FB-2BA1210B47B3}.Debug|Any CPU.ActiveCfg = Debug|Any CPU
		{23017BD4-4A18-4DC8-85FB-2BA1210B47B3}.Debug|Any CPU.Build.0 = Debug|Any CPU
		{23017BD4-4A18-4DC8-85FB-2BA1210B47B3}.Release|Any CPU.ActiveCfg = Release|Any CPU
		{23017BD4-4A18-4DC8-85FB-2BA1210B47B3}.Release|Any CPU.Build.0 = Release|Any CPU
		{E48E9AC1-3A88-406B-82FF-166B1E3C7A48}.Debug|Any CPU.ActiveCfg = Debug|Any CPU
		{E48E9AC1-3A88-406B-82FF-166B1E3C7A48}.Debug|Any CPU.Build.0 = Debug|Any CPU
		{E48E9AC1-3A88-406B-82FF-166B1E3C7A48}.Release|Any CPU.ActiveCfg = Release|Any CPU
		{E48E9AC1-3A88-406B-82FF-166B1E3C7A48}.Release|Any CPU.Build.0 = Release|Any CPU
	EndGlobalSection
	GlobalSection(SolutionProperties) = preSolution
		HideSolutionNode = FALSE
	EndGlobalSection
	GlobalSection(NestedProjects) = preSolution
		{23017BD4-4A18-4DC8-85FB-2BA1210B47B3} = {FCDDAB72-C05D-4BA6-9E71-0B0BAB090856}
		{E48E9AC1-3A88-406B-82FF-166B1E3C7A48} = {FCDDAB72-C05D-4BA6-9E71-0B0BAB090856}
	EndGlobalSection
EndGlobal
